
Microsoft Visual Studio Solution File, Format Version 12.00
# Visual Studio 2013
VisualStudioVersion = 12.0.30723.0
MinimumVisualStudioVersion = 10.0.40219.1
Project("{FAE04EC0-301F-11D3-BF4B-00C04F79EFBC}") = "WebMVC", "WebMVC\WebMVC.csproj", "{DF353EE9-FD28-414B-ACB4-38053A81B7A8}"
EndProject
Project("{FAE04EC0-301F-11D3-BF4B-00C04F79EFBC}") = "SharedResources", "SharedResources\SharedResources.csproj", "{AD007F69-85A9-4D66-8C2C-9D6396ABE383}"
EndProject
Project("{FAE04EC0-301F-11D3-BF4B-00C04F79EFBC}") = "CultureHelper", "CultureHelper\CultureHelper.csproj", "{B3FE07B5-9107-4284-9662-62FD03D1341F}"
EndProject
Global
	GlobalSection(SolutionConfigurationPlatforms) = preSolution
		Debug|Any CPU = Debug|Any CPU
		Release|Any CPU = Release|Any CPU
	EndGlobalSection
	GlobalSection(ProjectConfigurationPlatforms) = postSolution
		{DF353EE9-FD28-414B-ACB4-38053A81B7A8}.Debug|Any CPU.ActiveCfg = Debug|Any CPU
		{DF353EE9-FD28-414B-ACB4-38053A81B7A8}.Debug|Any CPU.Build.0 = Debug|Any CPU
		{DF353EE9-FD28-414B-ACB4-38053A81B7A8}.Release|Any CPU.ActiveCfg = Release|Any CPU
		{DF353EE9-FD28-414B-ACB4-38053A81B7A8}.Release|Any CPU.Build.0 = Release|Any CPU
		{AD007F69-85A9-4D66-8C2C-9D6396ABE383}.Debug|Any CPU.ActiveCfg = Debug|Any CPU
		{AD007F69-85A9-4D66-8C2C-9D6396ABE383}.Debug|Any CPU.Build.0 = Debug|Any CPU
		{AD007F69-85A9-4D66-8C2C-9D6396ABE383}.Release|Any CPU.ActiveCfg = Release|Any CPU
		{AD007F69-85A9-4D66-8C2C-9D6396ABE383}.Release|Any CPU.Build.0 = Release|Any CPU
		{B3FE07B5-9107-4284-9662-62FD03D1341F}.Debug|Any CPU.ActiveCfg = Debug|Any CPU
		{B3FE07B5-9107-4284-9662-62FD03D1341F}.Debug|Any CPU.Build.0 = Debug|Any CPU
		{B3FE07B5-9107-4284-9662-62FD03D1341F}.Release|Any CPU.ActiveCfg = Release|Any CPU
		{B3FE07B5-9107-4284-9662-62FD03D1341F}.Release|Any CPU.Build.0 = Release|Any CPU
	EndGlobalSection
	GlobalSection(SolutionProperties) = preSolution
		HideSolutionNode = FALSE
	EndGlobalSection
EndGlobal
