
Microsoft Visual Studio Solution File, Format Version 12.00
# Visual Studio 2013
VisualStudioVersion = 12.0.30723.0
MinimumVisualStudioVersion = 10.0.40219.1
Project("{FAE04EC0-301F-11D3-BF4B-00C04F79EFBC}") = "WebMVC", "WebMVC\WebMVC.csproj", "{DF353EE9-FD28-414B-ACB4-38053A81B7A8}"
EndProject
Project("{FAE04EC0-301F-11D3-BF4B-00C04F79EFBC}") = "SharedResources", "SharedResources\SharedResources.csproj", "{AD007F69-85A9-4D66-8C2C-9D6396ABE383}"
EndProject
Project("{FAE04EC0-301F-11D3-BF4B-00C04F79EFBC}") = "CultureHelper", "CultureHelper\CultureHelper.csproj", "{B3FE07B5-9107-4284-9662-62FD03D1341F}"
EndProject
Project("{FAE04EC0-301F-11D3-BF4B-00C04F79EFBC}") = "WebForms", "WebForms\WebForms.csproj", "{023F8A5D-EA9C-4749-8C4F-AE15CC75CAC0}"
EndProject
Project("{FAE04EC0-301F-11D3-BF4B-00C04F79EFBC}") = "WebAPI", "WebAPI\WebAPI.csproj", "{9D5E540F-A6CE-42FF-AAA3-36C9E1AE3BF0}"
EndProject
Project("{FAE04EC0-301F-11D3-BF4B-00C04F79EFBC}") = "DesktopWPF", "DesktopWPF\DesktopWPF.csproj", "{7D80D9F5-FFEE-4C35-A104-63BB3F07C13B}"
EndProject
Project("{FAE04EC0-301F-11D3-BF4B-00C04F79EFBC}") = "DesktopWinForms", "DesktopWinForms\DesktopWinForms.csproj", "{3FFFC98B-0D44-4A0E-BEE8-9AE0C8CED9EC}"
EndProject
Project("{FAE04EC0-301F-11D3-BF4B-00C04F79EFBC}") = "PhoneSilverlight", "PhoneSilverlight\PhoneSilverlight.csproj", "{81CD2586-B2C6-4279-AC2C-1BA874C4DAC5}"
EndProject
Project("{2150E333-8FDC-42A3-9474-1A3956D46DE8}") = "Universal", "Universal", "{65BCC8F4-45F0-48AC-99EE-183AA92F39DA}"
EndProject
Project("{D954291E-2A0B-460D-934E-DC6B0785DB48}") = "Universal.Shared", "Universal\Universal.Shared\Universal.Shared.shproj", "{B4FAE5EF-2C2F-4718-8141-80A254702A92}"
EndProject
Project("{FAE04EC0-301F-11D3-BF4B-00C04F79EFBC}") = "Universal.Windows", "Universal\Universal.Windows\Universal.Windows.csproj", "{7E63A127-384F-4050-90FD-9E7D7DF172DD}"
EndProject
Project("{FAE04EC0-301F-11D3-BF4B-00C04F79EFBC}") = "Universal.WindowsPhone", "Universal\Universal.WindowsPhone\Universal.WindowsPhone.csproj", "{DEF21E2C-6E59-4EEF-B66C-0FA020E50882}"
EndProject
Project("{2150E333-8FDC-42A3-9474-1A3956D46DE8}") = "Web", "Web", "{5650CA47-8EFF-4619-90F3-866A3800B12F}"
EndProject
Project("{2150E333-8FDC-42A3-9474-1A3956D46DE8}") = "Desktop", "Desktop", "{B2E735A9-5C8F-4682-84FE-CC85BD61B224}"
EndProject
Project("{2150E333-8FDC-42A3-9474-1A3956D46DE8}") = "Phone", "Phone", "{9DCF6A5E-3C1B-4969-A3A3-A12787E99835}"
EndProject
Project("{2150E333-8FDC-42A3-9474-1A3956D46DE8}") = "Shared", "Shared", "{8727719B-CE67-4236-A23B-889CBD40B1B6}"
EndProject
Project("{FAE04EC0-301F-11D3-BF4B-00C04F79EFBC}") = "DesktopConsole", "DesktopConsole\DesktopConsole.csproj", "{2D2D4D30-9BC7-45F4-9A0A-F3D637F22CCE}"
EndProject
Global
	GlobalSection(SharedMSBuildProjectFiles) = preSolution
		Universal\Universal.Shared\Universal.Shared.projitems*{def21e2c-6e59-4eef-b66c-0fa020e50882}*SharedItemsImports = 4
		Universal\Universal.Shared\Universal.Shared.projitems*{7e63a127-384f-4050-90fd-9e7d7df172dd}*SharedItemsImports = 4
		Universal\Universal.Shared\Universal.Shared.projitems*{b4fae5ef-2c2f-4718-8141-80a254702a92}*SharedItemsImports = 13
	EndGlobalSection
	GlobalSection(SolutionConfigurationPlatforms) = preSolution
		Debug|Any CPU = Debug|Any CPU
		Debug|ARM = Debug|ARM
		Debug|x64 = Debug|x64
		Debug|x86 = Debug|x86
		Release|Any CPU = Release|Any CPU
		Release|ARM = Release|ARM
		Release|x64 = Release|x64
		Release|x86 = Release|x86
	EndGlobalSection
	GlobalSection(ProjectConfigurationPlatforms) = postSolution
		{DF353EE9-FD28-414B-ACB4-38053A81B7A8}.Debug|Any CPU.ActiveCfg = Debug|Any CPU
		{DF353EE9-FD28-414B-ACB4-38053A81B7A8}.Debug|Any CPU.Build.0 = Debug|Any CPU
		{DF353EE9-FD28-414B-ACB4-38053A81B7A8}.Debug|ARM.ActiveCfg = Debug|Any CPU
		{DF353EE9-FD28-414B-ACB4-38053A81B7A8}.Debug|x64.ActiveCfg = Debug|Any CPU
		{DF353EE9-FD28-414B-ACB4-38053A81B7A8}.Debug|x86.ActiveCfg = Debug|Any CPU
		{DF353EE9-FD28-414B-ACB4-38053A81B7A8}.Release|Any CPU.ActiveCfg = Release|Any CPU
		{DF353EE9-FD28-414B-ACB4-38053A81B7A8}.Release|Any CPU.Build.0 = Release|Any CPU
		{DF353EE9-FD28-414B-ACB4-38053A81B7A8}.Release|ARM.ActiveCfg = Release|Any CPU
		{DF353EE9-FD28-414B-ACB4-38053A81B7A8}.Release|x64.ActiveCfg = Release|Any CPU
		{DF353EE9-FD28-414B-ACB4-38053A81B7A8}.Release|x86.ActiveCfg = Release|Any CPU
		{AD007F69-85A9-4D66-8C2C-9D6396ABE383}.Debug|Any CPU.ActiveCfg = Debug|Any CPU
		{AD007F69-85A9-4D66-8C2C-9D6396ABE383}.Debug|Any CPU.Build.0 = Debug|Any CPU
		{AD007F69-85A9-4D66-8C2C-9D6396ABE383}.Debug|ARM.ActiveCfg = Debug|Any CPU
		{AD007F69-85A9-4D66-8C2C-9D6396ABE383}.Debug|x64.ActiveCfg = Debug|Any CPU
		{AD007F69-85A9-4D66-8C2C-9D6396ABE383}.Debug|x86.ActiveCfg = Debug|Any CPU
		{AD007F69-85A9-4D66-8C2C-9D6396ABE383}.Release|Any CPU.ActiveCfg = Release|Any CPU
		{AD007F69-85A9-4D66-8C2C-9D6396ABE383}.Release|Any CPU.Build.0 = Release|Any CPU
		{AD007F69-85A9-4D66-8C2C-9D6396ABE383}.Release|ARM.ActiveCfg = Release|Any CPU
		{AD007F69-85A9-4D66-8C2C-9D6396ABE383}.Release|x64.ActiveCfg = Release|Any CPU
		{AD007F69-85A9-4D66-8C2C-9D6396ABE383}.Release|x86.ActiveCfg = Release|Any CPU
		{B3FE07B5-9107-4284-9662-62FD03D1341F}.Debug|Any CPU.ActiveCfg = Debug|Any CPU
		{B3FE07B5-9107-4284-9662-62FD03D1341F}.Debug|Any CPU.Build.0 = Debug|Any CPU
		{B3FE07B5-9107-4284-9662-62FD03D1341F}.Debug|ARM.ActiveCfg = Debug|Any CPU
		{B3FE07B5-9107-4284-9662-62FD03D1341F}.Debug|x64.ActiveCfg = Debug|Any CPU
		{B3FE07B5-9107-4284-9662-62FD03D1341F}.Debug|x86.ActiveCfg = Debug|Any CPU
		{B3FE07B5-9107-4284-9662-62FD03D1341F}.Release|Any CPU.ActiveCfg = Release|Any CPU
		{B3FE07B5-9107-4284-9662-62FD03D1341F}.Release|Any CPU.Build.0 = Release|Any CPU
		{B3FE07B5-9107-4284-9662-62FD03D1341F}.Release|ARM.ActiveCfg = Release|Any CPU
		{B3FE07B5-9107-4284-9662-62FD03D1341F}.Release|x64.ActiveCfg = Release|Any CPU
		{B3FE07B5-9107-4284-9662-62FD03D1341F}.Release|x86.ActiveCfg = Release|Any CPU
		{023F8A5D-EA9C-4749-8C4F-AE15CC75CAC0}.Debug|Any CPU.ActiveCfg = Debug|Any CPU
		{023F8A5D-EA9C-4749-8C4F-AE15CC75CAC0}.Debug|Any CPU.Build.0 = Debug|Any CPU
		{023F8A5D-EA9C-4749-8C4F-AE15CC75CAC0}.Debug|ARM.ActiveCfg = Debug|Any CPU
		{023F8A5D-EA9C-4749-8C4F-AE15CC75CAC0}.Debug|x64.ActiveCfg = Debug|Any CPU
		{023F8A5D-EA9C-4749-8C4F-AE15CC75CAC0}.Debug|x86.ActiveCfg = Debug|Any CPU
		{023F8A5D-EA9C-4749-8C4F-AE15CC75CAC0}.Release|Any CPU.ActiveCfg = Release|Any CPU
		{023F8A5D-EA9C-4749-8C4F-AE15CC75CAC0}.Release|Any CPU.Build.0 = Release|Any CPU
		{023F8A5D-EA9C-4749-8C4F-AE15CC75CAC0}.Release|ARM.ActiveCfg = Release|Any CPU
		{023F8A5D-EA9C-4749-8C4F-AE15CC75CAC0}.Release|x64.ActiveCfg = Release|Any CPU
		{023F8A5D-EA9C-4749-8C4F-AE15CC75CAC0}.Release|x86.ActiveCfg = Release|Any CPU
		{9D5E540F-A6CE-42FF-AAA3-36C9E1AE3BF0}.Debug|Any CPU.ActiveCfg = Debug|Any CPU
		{9D5E540F-A6CE-42FF-AAA3-36C9E1AE3BF0}.Debug|Any CPU.Build.0 = Debug|Any CPU
		{9D5E540F-A6CE-42FF-AAA3-36C9E1AE3BF0}.Debug|ARM.ActiveCfg = Debug|Any CPU
		{9D5E540F-A6CE-42FF-AAA3-36C9E1AE3BF0}.Debug|x64.ActiveCfg = Debug|Any CPU
		{9D5E540F-A6CE-42FF-AAA3-36C9E1AE3BF0}.Debug|x86.ActiveCfg = Debug|Any CPU
		{9D5E540F-A6CE-42FF-AAA3-36C9E1AE3BF0}.Release|Any CPU.ActiveCfg = Release|Any CPU
		{9D5E540F-A6CE-42FF-AAA3-36C9E1AE3BF0}.Release|Any CPU.Build.0 = Release|Any CPU
		{9D5E540F-A6CE-42FF-AAA3-36C9E1AE3BF0}.Release|ARM.ActiveCfg = Release|Any CPU
		{9D5E540F-A6CE-42FF-AAA3-36C9E1AE3BF0}.Release|x64.ActiveCfg = Release|Any CPU
		{9D5E540F-A6CE-42FF-AAA3-36C9E1AE3BF0}.Release|x86.ActiveCfg = Release|Any CPU
		{7D80D9F5-FFEE-4C35-A104-63BB3F07C13B}.Debug|Any CPU.ActiveCfg = Debug|Any CPU
		{7D80D9F5-FFEE-4C35-A104-63BB3F07C13B}.Debug|Any CPU.Build.0 = Debug|Any CPU
		{7D80D9F5-FFEE-4C35-A104-63BB3F07C13B}.Debug|ARM.ActiveCfg = Debug|Any CPU
		{7D80D9F5-FFEE-4C35-A104-63BB3F07C13B}.Debug|x64.ActiveCfg = Debug|Any CPU
		{7D80D9F5-FFEE-4C35-A104-63BB3F07C13B}.Debug|x86.ActiveCfg = Debug|Any CPU
		{7D80D9F5-FFEE-4C35-A104-63BB3F07C13B}.Release|Any CPU.ActiveCfg = Release|Any CPU
		{7D80D9F5-FFEE-4C35-A104-63BB3F07C13B}.Release|Any CPU.Build.0 = Release|Any CPU
		{7D80D9F5-FFEE-4C35-A104-63BB3F07C13B}.Release|ARM.ActiveCfg = Release|Any CPU
		{7D80D9F5-FFEE-4C35-A104-63BB3F07C13B}.Release|x64.ActiveCfg = Release|Any CPU
		{7D80D9F5-FFEE-4C35-A104-63BB3F07C13B}.Release|x86.ActiveCfg = Release|Any CPU
		{3FFFC98B-0D44-4A0E-BEE8-9AE0C8CED9EC}.Debug|Any CPU.ActiveCfg = Debug|Any CPU
		{3FFFC98B-0D44-4A0E-BEE8-9AE0C8CED9EC}.Debug|Any CPU.Build.0 = Debug|Any CPU
		{3FFFC98B-0D44-4A0E-BEE8-9AE0C8CED9EC}.Debug|ARM.ActiveCfg = Debug|Any CPU
		{3FFFC98B-0D44-4A0E-BEE8-9AE0C8CED9EC}.Debug|x64.ActiveCfg = Debug|Any CPU
		{3FFFC98B-0D44-4A0E-BEE8-9AE0C8CED9EC}.Debug|x86.ActiveCfg = Debug|Any CPU
		{3FFFC98B-0D44-4A0E-BEE8-9AE0C8CED9EC}.Release|Any CPU.ActiveCfg = Release|Any CPU
		{3FFFC98B-0D44-4A0E-BEE8-9AE0C8CED9EC}.Release|Any CPU.Build.0 = Release|Any CPU
		{3FFFC98B-0D44-4A0E-BEE8-9AE0C8CED9EC}.Release|ARM.ActiveCfg = Release|Any CPU
		{3FFFC98B-0D44-4A0E-BEE8-9AE0C8CED9EC}.Release|x64.ActiveCfg = Release|Any CPU
		{3FFFC98B-0D44-4A0E-BEE8-9AE0C8CED9EC}.Release|x86.ActiveCfg = Release|Any CPU
		{81CD2586-B2C6-4279-AC2C-1BA874C4DAC5}.Debug|Any CPU.ActiveCfg = Debug|Any CPU
		{81CD2586-B2C6-4279-AC2C-1BA874C4DAC5}.Debug|Any CPU.Build.0 = Debug|Any CPU
		{81CD2586-B2C6-4279-AC2C-1BA874C4DAC5}.Debug|Any CPU.Deploy.0 = Debug|Any CPU
		{81CD2586-B2C6-4279-AC2C-1BA874C4DAC5}.Debug|ARM.ActiveCfg = Debug|ARM
		{81CD2586-B2C6-4279-AC2C-1BA874C4DAC5}.Debug|ARM.Build.0 = Debug|ARM
		{81CD2586-B2C6-4279-AC2C-1BA874C4DAC5}.Debug|ARM.Deploy.0 = Debug|ARM
		{81CD2586-B2C6-4279-AC2C-1BA874C4DAC5}.Debug|x64.ActiveCfg = Debug|Any CPU
		{81CD2586-B2C6-4279-AC2C-1BA874C4DAC5}.Debug|x86.ActiveCfg = Debug|x86
		{81CD2586-B2C6-4279-AC2C-1BA874C4DAC5}.Debug|x86.Build.0 = Debug|x86
		{81CD2586-B2C6-4279-AC2C-1BA874C4DAC5}.Debug|x86.Deploy.0 = Debug|x86
		{81CD2586-B2C6-4279-AC2C-1BA874C4DAC5}.Release|Any CPU.ActiveCfg = Release|Any CPU
		{81CD2586-B2C6-4279-AC2C-1BA874C4DAC5}.Release|Any CPU.Build.0 = Release|Any CPU
		{81CD2586-B2C6-4279-AC2C-1BA874C4DAC5}.Release|Any CPU.Deploy.0 = Release|Any CPU
		{81CD2586-B2C6-4279-AC2C-1BA874C4DAC5}.Release|ARM.ActiveCfg = Release|ARM
		{81CD2586-B2C6-4279-AC2C-1BA874C4DAC5}.Release|ARM.Build.0 = Release|ARM
		{81CD2586-B2C6-4279-AC2C-1BA874C4DAC5}.Release|ARM.Deploy.0 = Release|ARM
		{81CD2586-B2C6-4279-AC2C-1BA874C4DAC5}.Release|x64.ActiveCfg = Release|Any CPU
		{81CD2586-B2C6-4279-AC2C-1BA874C4DAC5}.Release|x86.ActiveCfg = Release|x86
		{81CD2586-B2C6-4279-AC2C-1BA874C4DAC5}.Release|x86.Build.0 = Release|x86
		{81CD2586-B2C6-4279-AC2C-1BA874C4DAC5}.Release|x86.Deploy.0 = Release|x86
		{7E63A127-384F-4050-90FD-9E7D7DF172DD}.Debug|Any CPU.ActiveCfg = Debug|Any CPU
		{7E63A127-384F-4050-90FD-9E7D7DF172DD}.Debug|Any CPU.Build.0 = Debug|Any CPU
		{7E63A127-384F-4050-90FD-9E7D7DF172DD}.Debug|Any CPU.Deploy.0 = Debug|Any CPU
		{7E63A127-384F-4050-90FD-9E7D7DF172DD}.Debug|ARM.ActiveCfg = Debug|ARM
		{7E63A127-384F-4050-90FD-9E7D7DF172DD}.Debug|ARM.Build.0 = Debug|ARM
		{7E63A127-384F-4050-90FD-9E7D7DF172DD}.Debug|ARM.Deploy.0 = Debug|ARM
		{7E63A127-384F-4050-90FD-9E7D7DF172DD}.Debug|x64.ActiveCfg = Debug|x64
		{7E63A127-384F-4050-90FD-9E7D7DF172DD}.Debug|x64.Build.0 = Debug|x64
		{7E63A127-384F-4050-90FD-9E7D7DF172DD}.Debug|x64.Deploy.0 = Debug|x64
		{7E63A127-384F-4050-90FD-9E7D7DF172DD}.Debug|x86.ActiveCfg = Debug|x86
		{7E63A127-384F-4050-90FD-9E7D7DF172DD}.Debug|x86.Build.0 = Debug|x86
		{7E63A127-384F-4050-90FD-9E7D7DF172DD}.Debug|x86.Deploy.0 = Debug|x86
		{7E63A127-384F-4050-90FD-9E7D7DF172DD}.Release|Any CPU.ActiveCfg = Release|Any CPU
		{7E63A127-384F-4050-90FD-9E7D7DF172DD}.Release|Any CPU.Build.0 = Release|Any CPU
		{7E63A127-384F-4050-90FD-9E7D7DF172DD}.Release|Any CPU.Deploy.0 = Release|Any CPU
		{7E63A127-384F-4050-90FD-9E7D7DF172DD}.Release|ARM.ActiveCfg = Release|ARM
		{7E63A127-384F-4050-90FD-9E7D7DF172DD}.Release|ARM.Build.0 = Release|ARM
		{7E63A127-384F-4050-90FD-9E7D7DF172DD}.Release|ARM.Deploy.0 = Release|ARM
		{7E63A127-384F-4050-90FD-9E7D7DF172DD}.Release|x64.ActiveCfg = Release|x64
		{7E63A127-384F-4050-90FD-9E7D7DF172DD}.Release|x64.Build.0 = Release|x64
		{7E63A127-384F-4050-90FD-9E7D7DF172DD}.Release|x64.Deploy.0 = Release|x64
		{7E63A127-384F-4050-90FD-9E7D7DF172DD}.Release|x86.ActiveCfg = Release|x86
		{7E63A127-384F-4050-90FD-9E7D7DF172DD}.Release|x86.Build.0 = Release|x86
		{7E63A127-384F-4050-90FD-9E7D7DF172DD}.Release|x86.Deploy.0 = Release|x86
		{DEF21E2C-6E59-4EEF-B66C-0FA020E50882}.Debug|Any CPU.ActiveCfg = Debug|Any CPU
		{DEF21E2C-6E59-4EEF-B66C-0FA020E50882}.Debug|Any CPU.Build.0 = Debug|Any CPU
		{DEF21E2C-6E59-4EEF-B66C-0FA020E50882}.Debug|Any CPU.Deploy.0 = Debug|Any CPU
		{DEF21E2C-6E59-4EEF-B66C-0FA020E50882}.Debug|ARM.ActiveCfg = Debug|ARM
		{DEF21E2C-6E59-4EEF-B66C-0FA020E50882}.Debug|ARM.Build.0 = Debug|ARM
		{DEF21E2C-6E59-4EEF-B66C-0FA020E50882}.Debug|ARM.Deploy.0 = Debug|ARM
		{DEF21E2C-6E59-4EEF-B66C-0FA020E50882}.Debug|x64.ActiveCfg = Debug|Any CPU
		{DEF21E2C-6E59-4EEF-B66C-0FA020E50882}.Debug|x86.ActiveCfg = Debug|x86
		{DEF21E2C-6E59-4EEF-B66C-0FA020E50882}.Debug|x86.Build.0 = Debug|x86
		{DEF21E2C-6E59-4EEF-B66C-0FA020E50882}.Debug|x86.Deploy.0 = Debug|x86
		{DEF21E2C-6E59-4EEF-B66C-0FA020E50882}.Release|Any CPU.ActiveCfg = Release|Any CPU
		{DEF21E2C-6E59-4EEF-B66C-0FA020E50882}.Release|Any CPU.Build.0 = Release|Any CPU
		{DEF21E2C-6E59-4EEF-B66C-0FA020E50882}.Release|Any CPU.Deploy.0 = Release|Any CPU
		{DEF21E2C-6E59-4EEF-B66C-0FA020E50882}.Release|ARM.ActiveCfg = Release|ARM
		{DEF21E2C-6E59-4EEF-B66C-0FA020E50882}.Release|ARM.Build.0 = Release|ARM
		{DEF21E2C-6E59-4EEF-B66C-0FA020E50882}.Release|ARM.Deploy.0 = Release|ARM
		{DEF21E2C-6E59-4EEF-B66C-0FA020E50882}.Release|x64.ActiveCfg = Release|Any CPU
		{DEF21E2C-6E59-4EEF-B66C-0FA020E50882}.Release|x86.ActiveCfg = Release|x86
		{DEF21E2C-6E59-4EEF-B66C-0FA020E50882}.Release|x86.Build.0 = Release|x86
		{DEF21E2C-6E59-4EEF-B66C-0FA020E50882}.Release|x86.Deploy.0 = Release|x86
		{2D2D4D30-9BC7-45F4-9A0A-F3D637F22CCE}.Debug|Any CPU.ActiveCfg = Debug|Any CPU
		{2D2D4D30-9BC7-45F4-9A0A-F3D637F22CCE}.Debug|Any CPU.Build.0 = Debug|Any CPU
		{2D2D4D30-9BC7-45F4-9A0A-F3D637F22CCE}.Debug|ARM.ActiveCfg = Debug|Any CPU
		{2D2D4D30-9BC7-45F4-9A0A-F3D637F22CCE}.Debug|x64.ActiveCfg = Debug|Any CPU
		{2D2D4D30-9BC7-45F4-9A0A-F3D637F22CCE}.Debug|x86.ActiveCfg = Debug|Any CPU
		{2D2D4D30-9BC7-45F4-9A0A-F3D637F22CCE}.Release|Any CPU.ActiveCfg = Release|Any CPU
		{2D2D4D30-9BC7-45F4-9A0A-F3D637F22CCE}.Release|Any CPU.Build.0 = Release|Any CPU
		{2D2D4D30-9BC7-45F4-9A0A-F3D637F22CCE}.Release|ARM.ActiveCfg = Release|Any CPU
		{2D2D4D30-9BC7-45F4-9A0A-F3D637F22CCE}.Release|x64.ActiveCfg = Release|Any CPU
		{2D2D4D30-9BC7-45F4-9A0A-F3D637F22CCE}.Release|x86.ActiveCfg = Release|Any CPU
	EndGlobalSection
	GlobalSection(SolutionProperties) = preSolution
		HideSolutionNode = FALSE
	EndGlobalSection
	GlobalSection(NestedProjects) = preSolution
		{DF353EE9-FD28-414B-ACB4-38053A81B7A8} = {5650CA47-8EFF-4619-90F3-866A3800B12F}
		{AD007F69-85A9-4D66-8C2C-9D6396ABE383} = {8727719B-CE67-4236-A23B-889CBD40B1B6}
		{B3FE07B5-9107-4284-9662-62FD03D1341F} = {8727719B-CE67-4236-A23B-889CBD40B1B6}
		{023F8A5D-EA9C-4749-8C4F-AE15CC75CAC0} = {5650CA47-8EFF-4619-90F3-866A3800B12F}
		{9D5E540F-A6CE-42FF-AAA3-36C9E1AE3BF0} = {5650CA47-8EFF-4619-90F3-866A3800B12F}
		{7D80D9F5-FFEE-4C35-A104-63BB3F07C13B} = {B2E735A9-5C8F-4682-84FE-CC85BD61B224}
		{3FFFC98B-0D44-4A0E-BEE8-9AE0C8CED9EC} = {B2E735A9-5C8F-4682-84FE-CC85BD61B224}
		{81CD2586-B2C6-4279-AC2C-1BA874C4DAC5} = {9DCF6A5E-3C1B-4969-A3A3-A12787E99835}
		{B4FAE5EF-2C2F-4718-8141-80A254702A92} = {65BCC8F4-45F0-48AC-99EE-183AA92F39DA}
		{7E63A127-384F-4050-90FD-9E7D7DF172DD} = {65BCC8F4-45F0-48AC-99EE-183AA92F39DA}
		{DEF21E2C-6E59-4EEF-B66C-0FA020E50882} = {65BCC8F4-45F0-48AC-99EE-183AA92F39DA}
		{2D2D4D30-9BC7-45F4-9A0A-F3D637F22CCE} = {B2E735A9-5C8F-4682-84FE-CC85BD61B224}
	EndGlobalSection
EndGlobal
